PODS:
  - GoogleMaps (3.8.0):
    - GoogleMaps/Maps (= 3.8.0)
  - GoogleMaps/Base (3.8.0)
  - GoogleMaps/Maps (3.8.0):
    - GoogleMaps/Base
  - Mapbox-iOS-SDK (5.5.1)
  - MapboxCoreNavigation (0.39.0):
    - MapboxDirections.swift (~> 0.30.0)
    - MapboxMobileEvents (~> 0.9.5)
    - MapboxNavigationNative (~> 6.2.1)
    - Turf (~> 0.3.0)
  - MapboxDirections.swift (0.30.0):
    - Polyline (~> 4.2)
  - MapboxGeocoder.swift (0.12.0)
  - MapboxMobileEvents (0.9.5)
  - MapboxNavigation (0.39.0):
    - Mapbox-iOS-SDK (= 5.5.1)
    - MapboxCoreNavigation (= 0.39.0)
    - MapboxSpeech (~> 0.1.0)
    - Solar (~> 2.1)
  - MapboxNavigationNative (6.2.1)
  - MapboxSpeech (0.1.1)
  - Polyline (4.2.1)
  - PromiseKit (6.13.1):
    - PromiseKit/CorePromise (= 6.13.1)
    - PromiseKit/Foundation (= 6.13.1)
    - PromiseKit/UIKit (= 6.13.1)
  - PromiseKit/CorePromise (6.13.1)
  - PromiseKit/Foundation (6.13.1):
    - PromiseKit/CorePromise
  - PromiseKit/UIKit (6.13.1):
    - PromiseKit/CorePromise
  - Solar (2.1.0)
  - Turf (0.3.0)

DEPENDENCIES:
  - GoogleMaps (= 3.8.0)
  - MapboxGeocoder.swift (~> 0.12)
  - MapboxNavigation (~> 0.39.0)
  - PromiseKit (~> 6.8)

SPEC REPOS:
  trunk:
    - GoogleMaps
    - Mapbox-iOS-SDK
    - MapboxCoreNavigation
    - MapboxDirections.swift
    - MapboxGeocoder.swift
    - MapboxMobileEvents
    - MapboxNavigation
    - MapboxNavigationNative
    - MapboxSpeech
    - Polyline
    - PromiseKit
    - Solar
    - Turf

SPEC CHECKSUMS:
  GoogleMaps: 7c8d66d70e4e8c300f43a7219d8fdaad7b325a9a
  Mapbox-iOS-SDK: 051d78eb8beb4bd0601212a18ea3ba8608bae32f
  MapboxCoreNavigation: 3f31b3764415722f4962687c37e9bb8c58f631ef
  MapboxDirections.swift: 1c6df988c24b753888ebd9976d7c98632501a413
  MapboxGeocoder.swift: e8ca1fcdfb8f674cad390569199dccf3d807ff77
  MapboxMobileEvents: f6c21b2e59066c5c7093585de7c15adae3b63da0
  MapboxNavigation: ee70587f8cc1684908fe38cc792c3da373f9f7f8
  MapboxNavigationNative: 11dc22140f4698d3f26989f2b6379dc81ef0d4c1
  MapboxSpeech: 59b3984d3f433a443d24acf53097f918c5cc70f9
  Polyline: 0e9890790292741c8186201a536b6bb6a78d02dd
  PromiseKit: 28fda91c973cc377875d8c0ea4f973013c05b6db
  Solar: 2dc6e7cc39186cb0c8228fa08df76fb50c7d8f24
  Turf: c6bdf62d6a70c647874f295dd1cf4eefc0c3e9e6

PODFILE CHECKSUM: d5bae94dc1724b2434c68fddc9ff7d90dd791901

COCOAPODS: 1.9.1
