// !$*UTF8*$!
{
	archiveVersion = 1;
	classes = {
	};
	objectVersion = 51;
	objects = {

/* Begin PBXBuildFile section */
		76AB15552456B78A00F3B86C /* EndPointType.swift in Sources */ = {isa = PBXBuildFile; fileRef = 76AB15542456B78A00F3B86C /* EndPointType.swift */; };
		76AB15572456B93000F3B86C /* HTTPMethod.swift in Sources */ = {isa = PBXBuildFile; fileRef = 76AB15562456B93000F3B86C /* HTTPMethod.swift */; };
		76AB15592456BA4D00F3B86C /* HTTPTask.swift in Sources */ = {isa = PBXBuildFile; fileRef = 76AB15582456BA4D00F3B86C /* HTTPTask.swift */; };
		76AB155B2456BD8F00F3B86C /* ParameterEncoding.swift in Sources */ = {isa = PBXBuildFile; fileRef = 76AB155A2456BD8F00F3B86C /* ParameterEncoding.swift */; };
		76AB155D2456C2BA00F3B86C /* URLParameterEncoder.swift in Sources */ = {isa = PBXBuildFile; fileRef = 76AB155C2456C2BA00F3B86C /* URLParameterEncoder.swift */; };
		76AB15732456CF5500F3B86C /* JSONParameterEncoder.swift in Sources */ = {isa = PBXBuildFile; fileRef = 76AB15722456CF5500F3B86C /* JSONParameterEncoder.swift */; };
		76D22E67244E8D6900C354BE /* LocationSearchTableViewController.swift in Sources */ = {isa = PBXBuildFile; fileRef = 76D22E66244E8D6900C354BE /* LocationSearchTableViewController.swift */; };
		76F50151244944E500CC79E7 /* AppDelegate.swift in Sources */ = {isa = PBXBuildFile; fileRef = 76F50150244944E500CC79E7 /* AppDelegate.swift */; };
		76F50153244944E500CC79E7 /* SceneDelegate.swift in Sources */ = {isa = PBXBuildFile; fileRef = 76F50152244944E500CC79E7 /* SceneDelegate.swift */; };
		76F50158244944E500CC79E7 /* Main.storyboard in Resources */ = {isa = PBXBuildFile; fileRef = 76F50156244944E500CC79E7 /* Main.storyboard */; };
		76F5015A244944E600CC79E7 /* Assets.xcassets in Resources */ = {isa = PBXBuildFile; fileRef = 76F50159244944E600CC79E7 /* Assets.xcassets */; };
		76F5015D244944E600CC79E7 /* LaunchScreen.storyboard in Resources */ = {isa = PBXBuildFile; fileRef = 76F5015B244944E600CC79E7 /* LaunchScreen.storyboard */; };
		76F501652449451300CC79E7 /* Podfile in Resources */ = {isa = PBXBuildFile; fileRef = 76F501642449451300CC79E7 /* Podfile */; };
		76F5016724494B9600CC79E7 /* Cartfile in Resources */ = {isa = PBXBuildFile; fileRef = 76F5016624494B9600CC79E7 /* Cartfile */; };
		76F501692449532900CC79E7 /* MapModule.swift in Sources */ = {isa = PBXBuildFile; fileRef = 76F501682449532900CC79E7 /* MapModule.swift */; };
		BE401B4071EF6127E2786CB0 /* Pods_mapApp.framework in Frameworks */ = {isa = PBXBuildFile; fileRef = 23A3DAD9E35034D1FDE974D1 /* Pods_mapApp.framework */; };
		CE01728A24722360000E1306 /* MainViewControllerPresenter.swift in Sources */ = {isa = PBXBuildFile; fileRef = CE01728724722360000E1306 /* MainViewControllerPresenter.swift */; };
		CE01728B24722360000E1306 /* MainViewControllerViewController.swift in Sources */ = {isa = PBXBuildFile; fileRef = CE01728824722360000E1306 /* MainViewControllerViewController.swift */; };
		CE01728C24722360000E1306 /* MainViewControllerViewController.xib in Resources */ = {isa = PBXBuildFile; fileRef = CE01728924722360000E1306 /* MainViewControllerViewController.xib */; };
		CE017293247224EF000E1306 /* TableViewController.swift in Sources */ = {isa = PBXBuildFile; fileRef = CE017291247224EF000E1306 /* TableViewController.swift */; };
		CE01729724723993000E1306 /* CellTableViewCell.swift in Sources */ = {isa = PBXBuildFile; fileRef = CE01729524723993000E1306 /* CellTableViewCell.swift */; };
		CE01729824723993000E1306 /* CellTableViewCell.xib in Resources */ = {isa = PBXBuildFile; fileRef = CE01729624723993000E1306 /* CellTableViewCell.xib */; };
		CE0172A024724845000E1306 /* MainViewController.swift in Sources */ = {isa = PBXBuildFile; fileRef = CE01729E24724845000E1306 /* MainViewController.swift */; };
		CE0172A124724845000E1306 /* MainViewController.xib in Resources */ = {isa = PBXBuildFile; fileRef = CE01729F24724845000E1306 /* MainViewController.xib */; };
		CE0172A324724857000E1306 /* MainPresenter.swift in Sources */ = {isa = PBXBuildFile; fileRef = CE0172A224724857000E1306 /* MainPresenter.swift */; };
		CE0172A624726AAD000E1306 /* MapBoxQueryService.swift in Sources */ = {isa = PBXBuildFile; fileRef = CE0172A524726AAC000E1306 /* MapBoxQueryService.swift */; };
		CE0172A8247270F7000E1306 /* BackButton.png in Resources */ = {isa = PBXBuildFile; fileRef = CE0172A7247270F7000E1306 /* BackButton.png */; };
		CE0172AD24728942000E1306 /* OldMapBoxViewController.swift in Sources */ = {isa = PBXBuildFile; fileRef = CE0172AB24728942000E1306 /* OldMapBoxViewController.swift */; };
		CE0172AE24728942000E1306 /* MapBoxViewController.xib in Resources */ = {isa = PBXBuildFile; fileRef = CE0172AC24728942000E1306 /* MapBoxViewController.xib */; };
		CE0172B224728B4A000E1306 /* HomeNavigationViewController.swift in Sources */ = {isa = PBXBuildFile; fileRef = CE0172B124728B4A000E1306 /* HomeNavigationViewController.swift */; };
		CE0172B424728DAA000E1306 /* GoogleMapViewController.swift in Sources */ = {isa = PBXBuildFile; fileRef = CE0172B324728DAA000E1306 /* GoogleMapViewController.swift */; };
		CE0172B824728E67000E1306 /* GoogleMapsQueryService.swift in Sources */ = {isa = PBXBuildFile; fileRef = CE0172B724728E67000E1306 /* GoogleMapsQueryService.swift */; };
		CE0172BC24728EB1000E1306 /* AppleMapsViewController.swift in Sources */ = {isa = PBXBuildFile; fileRef = CE0172BA24728EB1000E1306 /* AppleMapsViewController.swift */; };
		CE0172BD24728EB1000E1306 /* AppleMapsViewController.xib in Resources */ = {isa = PBXBuildFile; fileRef = CE0172BB24728EB1000E1306 /* AppleMapsViewController.xib */; };
		CE0172BF24728EC7000E1306 /* AppleMapsQueryService.swift in Sources */ = {isa = PBXBuildFile; fileRef = CE0172BE24728EC7000E1306 /* AppleMapsQueryService.swift */; };
		CE0172C124729114000E1306 /* old-map-background.jpg in Resources */ = {isa = PBXBuildFile; fileRef = CE0172C024729113000E1306 /* old-map-background.jpg */; };
		CE0172C324729A29000E1306 /* OldCell.swift in Sources */ = {isa = PBXBuildFile; fileRef = CE0172C224729A29000E1306 /* OldCell.swift */; };
		CE0B0B9924862882001FEF8E /* AppleMapsModel.swift in Sources */ = {isa = PBXBuildFile; fileRef = CE0B0B9824862882001FEF8E /* AppleMapsModel.swift */; };
		CE16DD162480A8AE0040C192 /* MapsViewModel.swift in Sources */ = {isa = PBXBuildFile; fileRef = CE16DD152480A8AE0040C192 /* MapsViewModel.swift */; };
		CE16DD1E2480B2B20040C192 /* mapAppTests.swift in Sources */ = {isa = PBXBuildFile; fileRef = CE16DD1D2480B2B20040C192 /* mapAppTests.swift */; };
		CE2027C9247BAA9B00233FC9 /* GoogleMapsModel.swift in Sources */ = {isa = PBXBuildFile; fileRef = CE2027C8247BAA9B00233FC9 /* GoogleMapsModel.swift */; };
		CE2027CB247BBC2600233FC9 /* GoogleMapsJSONResponsesExample.swift in Sources */ = {isa = PBXBuildFile; fileRef = CE2027CA247BBC2600233FC9 /* GoogleMapsJSONResponsesExample.swift */; };
		CE21147B2477669C00BF957E /* SearchModel.swift in Sources */ = {isa = PBXBuildFile; fileRef = CE21147A2477669C00BF957E /* SearchModel.swift */; };
		CE2114802477DE7400BF957E /* SearchTableViewCellTableViewCell.swift in Sources */ = {isa = PBXBuildFile; fileRef = CE21147E2477DE7400BF957E /* SearchTableViewCellTableViewCell.swift */; };
		CE2114812477DE7400BF957E /* SearchTableViewCellTableViewCell.xib in Resources */ = {isa = PBXBuildFile; fileRef = CE21147F2477DE7400BF957E /* SearchTableViewCellTableViewCell.xib */; };
		CE339F492488F0BB0023E11D /* main-qimg-eec6f82500b4efccb808158180f9fcf3.png in Resources */ = {isa = PBXBuildFile; fileRef = CE339F482488F0BB0023E11D /* main-qimg-eec6f82500b4efccb808158180f9fcf3.png */; };
		CE5FF4E3246E508E006F8E6A /* GoogleMapViewController.xib in Resources */ = {isa = PBXBuildFile; fileRef = CE5FF4E1246E508E006F8E6A /* GoogleMapViewController.xib */; };
		CE784D89248E496A00CD3F61 /* MapboxMobileEvents.framework in Frameworks */ = {isa = PBXBuildFile; fileRef = CE784D88248E496A00CD3F61 /* MapboxMobileEvents.framework */; };
		CEA7F64F24763A1A00C673FA /* MainQueryService.swift in Sources */ = {isa = PBXBuildFile; fileRef = CEA7F64E24763A1A00C673FA /* MainQueryService.swift */; };
		CEA7F6512476608E00C673FA /* MainModel.swift in Sources */ = {isa = PBXBuildFile; fileRef = CEA7F6502476608D00C673FA /* MainModel.swift */; };
		CEA7F65324766EDF00C673FA /* SearchTableViewController.swift in Sources */ = {isa = PBXBuildFile; fileRef = CEA7F65224766EDF00C673FA /* SearchTableViewController.swift */; };
		CEA7F6582476783D00C673FA /* NewMapBoxViewController.swift in Sources */ = {isa = PBXBuildFile; fileRef = CEA7F6562476783D00C673FA /* NewMapBoxViewController.swift */; };
		CEA7F6592476783D00C673FA /* NewMapBoxViewController.xib in Resources */ = {isa = PBXBuildFile; fileRef = CEA7F6572476783D00C673FA /* NewMapBoxViewController.xib */; };
		CEA7F65B2476872B00C673FA /* MapBoxModel.swift in Sources */ = {isa = PBXBuildFile; fileRef = CEA7F65A2476872B00C673FA /* MapBoxModel.swift */; };
		CEDD63582489E6C700206034 /* StoreKit.framework in Frameworks */ = {isa = PBXBuildFile; fileRef = CEDD63572489E6C700206034 /* StoreKit.framework */; };
/* End PBXBuildFile section */

/* Begin PBXContainerItemProxy section */
		CE16DD202480B2B20040C192 /* PBXContainerItemProxy */ = {
			isa = PBXContainerItemProxy;
			containerPortal = 76F50145244944E400CC79E7 /* Project object */;
			proxyType = 1;
			remoteGlobalIDString = 76F5014C244944E500CC79E7;
			remoteInfo = mapApp;
		};
/* End PBXContainerItemProxy section */

/* Begin PBXFileReference section */
		17CAA556097A5042B63A6CF0 /* Pods-mapApp.release.xcconfig */ = {isa = PBXFileReference; includeInIndex = 1; lastKnownFileType = text.xcconfig; name = "Pods-mapApp.release.xcconfig"; path = "Target Support Files/Pods-mapApp/Pods-mapApp.release.xcconfig"; sourceTree = "<group>"; };
		23A3DAD9E35034D1FDE974D1 /* Pods_mapApp.framework */ = {isa = PBXFileReference; explicitFileType = wrapper.framework; includeInIndex = 0; path = Pods_mapApp.framework; sourceTree = BUILT_PRODUCTS_DIR; };
		76AB15542456B78A00F3B86C /* EndPointType.swift */ = {isa = PBXFileReference; lastKnownFileType = sourcecode.swift; path = EndPointType.swift; sourceTree = "<group>"; };
		76AB15562456B93000F3B86C /* HTTPMethod.swift */ = {isa = PBXFileReference; lastKnownFileType = sourcecode.swift; path = HTTPMethod.swift; sourceTree = "<group>"; };
		76AB15582456BA4D00F3B86C /* HTTPTask.swift */ = {isa = PBXFileReference; lastKnownFileType = sourcecode.swift; path = HTTPTask.swift; sourceTree = "<group>"; };
		76AB155A2456BD8F00F3B86C /* ParameterEncoding.swift */ = {isa = PBXFileReference; lastKnownFileType = sourcecode.swift; path = ParameterEncoding.swift; sourceTree = "<group>"; };
		76AB155C2456C2BA00F3B86C /* URLParameterEncoder.swift */ = {isa = PBXFileReference; lastKnownFileType = sourcecode.swift; path = URLParameterEncoder.swift; sourceTree = "<group>"; };
		76AB15722456CF5500F3B86C /* JSONParameterEncoder.swift */ = {isa = PBXFileReference; lastKnownFileType = sourcecode.swift; path = JSONParameterEncoder.swift; sourceTree = "<group>"; };
		76D22E66244E8D6900C354BE /* LocationSearchTableViewController.swift */ = {isa = PBXFileReference; lastKnownFileType = sourcecode.swift; path = LocationSearchTableViewController.swift; sourceTree = "<group>"; };
		76F5014D244944E500CC79E7 /* mapApp.app */ = {isa = PBXFileReference; explicitFileType = wrapper.application; includeInIndex = 0; path = mapApp.app; sourceTree = BUILT_PRODUCTS_DIR; };
		76F50150244944E500CC79E7 /* AppDelegate.swift */ = {isa = PBXFileReference; lastKnownFileType = sourcecode.swift; path = AppDelegate.swift; sourceTree = "<group>"; };
		76F50152244944E500CC79E7 /* SceneDelegate.swift */ = {isa = PBXFileReference; lastKnownFileType = sourcecode.swift; path = SceneDelegate.swift; sourceTree = "<group>"; };
		76F50157244944E500CC79E7 /* Base */ = {isa = PBXFileReference; lastKnownFileType = file.storyboard; name = Base; path = Base.lproj/Main.storyboard; sourceTree = "<group>"; };
		76F50159244944E600CC79E7 /* Assets.xcassets */ = {isa = PBXFileReference; lastKnownFileType = folder.assetcatalog; path = Assets.xcassets; sourceTree = "<group>"; };
		76F5015C244944E600CC79E7 /* Base */ = {isa = PBXFileReference; lastKnownFileType = file.storyboard; name = Base; path = Base.lproj/LaunchScreen.storyboard; sourceTree = "<group>"; };
		76F5015E244944E600CC79E7 /* Info.plist */ = {isa = PBXFileReference; lastKnownFileType = text.plist.xml; path = Info.plist; sourceTree = "<group>"; };
		76F501642449451300CC79E7 /* Podfile */ = {isa = PBXFileReference; lastKnownFileType = text; path = Podfile; sourceTree = "<group>"; xcLanguageSpecificationIdentifier = xcode.lang.ruby; };
		76F5016624494B9600CC79E7 /* Cartfile */ = {isa = PBXFileReference; lastKnownFileType = text; path = Cartfile; sourceTree = "<group>"; };
		76F501682449532900CC79E7 /* MapModule.swift */ = {isa = PBXFileReference; lastKnownFileType = sourcecode.swift; path = MapModule.swift; sourceTree = "<group>"; };
		8A2AE2D78A00E0245EBFF769 /* Pods-mapApp.debug.xcconfig */ = {isa = PBXFileReference; includeInIndex = 1; lastKnownFileType = text.xcconfig; name = "Pods-mapApp.debug.xcconfig"; path = "Target Support Files/Pods-mapApp/Pods-mapApp.debug.xcconfig"; sourceTree = "<group>"; };
		CE01728724722360000E1306 /* MainViewControllerPresenter.swift */ = {isa = PBXFileReference; lastKnownFileType = sourcecode.swift; path = MainViewControllerPresenter.swift; sourceTree = "<group>"; };
		CE01728824722360000E1306 /* MainViewControllerViewController.swift */ = {isa = PBXFileReference; lastKnownFileType = sourcecode.swift; path = MainViewControllerViewController.swift; sourceTree = "<group>"; };
		CE01728924722360000E1306 /* MainViewControllerViewController.xib */ = {isa = PBXFileReference; lastKnownFileType = file.xib; path = MainViewControllerViewController.xib; sourceTree = "<group>"; };
		CE017291247224EF000E1306 /* TableViewController.swift */ = {isa = PBXFileReference; lastKnownFileType = sourcecode.swift; path = TableViewController.swift; sourceTree = "<group>"; };
		CE01729524723993000E1306 /* CellTableViewCell.swift */ = {isa = PBXFileReference; lastKnownFileType = sourcecode.swift; path = CellTableViewCell.swift; sourceTree = "<group>"; };
		CE01729624723993000E1306 /* CellTableViewCell.xib */ = {isa = PBXFileReference; lastKnownFileType = file.xib; path = CellTableViewCell.xib; sourceTree = "<group>"; };
		CE01729E24724845000E1306 /* MainViewController.swift */ = {isa = PBXFileReference; lastKnownFileType = sourcecode.swift; path = MainViewController.swift; sourceTree = "<group>"; };
		CE01729F24724845000E1306 /* MainViewController.xib */ = {isa = PBXFileReference; lastKnownFileType = file.xib; path = MainViewController.xib; sourceTree = "<group>"; };
		CE0172A224724857000E1306 /* MainPresenter.swift */ = {isa = PBXFileReference; lastKnownFileType = sourcecode.swift; path = MainPresenter.swift; sourceTree = "<group>"; };
		CE0172A524726AAC000E1306 /* MapBoxQueryService.swift */ = {isa = PBXFileReference; lastKnownFileType = sourcecode.swift; path = MapBoxQueryService.swift; sourceTree = "<group>"; };
		CE0172A7247270F7000E1306 /* BackButton.png */ = {isa = PBXFileReference; lastKnownFileType = image.png; path = BackButton.png; sourceTree = "<group>"; };
		CE0172AB24728942000E1306 /* OldMapBoxViewController.swift */ = {isa = PBXFileReference; lastKnownFileType = sourcecode.swift; path = OldMapBoxViewController.swift; sourceTree = "<group>"; };
		CE0172AC24728942000E1306 /* MapBoxViewController.xib */ = {isa = PBXFileReference; lastKnownFileType = file.xib; path = MapBoxViewController.xib; sourceTree = "<group>"; };
		CE0172B124728B4A000E1306 /* HomeNavigationViewController.swift */ = {isa = PBXFileReference; lastKnownFileType = sourcecode.swift; path = HomeNavigationViewController.swift; sourceTree = "<group>"; };
		CE0172B324728DAA000E1306 /* GoogleMapViewController.swift */ = {isa = PBXFileReference; fileEncoding = 4; lastKnownFileType = sourcecode.swift; path = GoogleMapViewController.swift; sourceTree = "<group>"; };
		CE0172B724728E67000E1306 /* GoogleMapsQueryService.swift */ = {isa = PBXFileReference; lastKnownFileType = sourcecode.swift; path = GoogleMapsQueryService.swift; sourceTree = "<group>"; };
		CE0172BA24728EB1000E1306 /* AppleMapsViewController.swift */ = {isa = PBXFileReference; lastKnownFileType = sourcecode.swift; path = AppleMapsViewController.swift; sourceTree = "<group>"; };
		CE0172BB24728EB1000E1306 /* AppleMapsViewController.xib */ = {isa = PBXFileReference; lastKnownFileType = file.xib; path = AppleMapsViewController.xib; sourceTree = "<group>"; };
		CE0172BE24728EC7000E1306 /* AppleMapsQueryService.swift */ = {isa = PBXFileReference; lastKnownFileType = sourcecode.swift; path = AppleMapsQueryService.swift; sourceTree = "<group>"; };
		CE0172C024729113000E1306 /* old-map-background.jpg */ = {isa = PBXFileReference; lastKnownFileType = image.jpeg; path = "old-map-background.jpg"; sourceTree = "<group>"; };
		CE0172C224729A29000E1306 /* OldCell.swift */ = {isa = PBXFileReference; lastKnownFileType = sourcecode.swift; path = OldCell.swift; sourceTree = "<group>"; };
		CE0B0B9824862882001FEF8E /* AppleMapsModel.swift */ = {isa = PBXFileReference; lastKnownFileType = sourcecode.swift; path = AppleMapsModel.swift; sourceTree = "<group>"; };
		CE16DD152480A8AE0040C192 /* MapsViewModel.swift */ = {isa = PBXFileReference; lastKnownFileType = sourcecode.swift; path = MapsViewModel.swift; sourceTree = "<group>"; };
		CE16DD1B2480B2B20040C192 /* mapAppTests.xctest */ = {isa = PBXFileReference; explicitFileType = wrapper.cfbundle; includeInIndex = 0; path = mapAppTests.xctest; sourceTree = BUILT_PRODUCTS_DIR; };
		CE16DD1D2480B2B20040C192 /* mapAppTests.swift */ = {isa = PBXFileReference; lastKnownFileType = sourcecode.swift; path = mapAppTests.swift; sourceTree = "<group>"; };
		CE16DD1F2480B2B20040C192 /* Info.plist */ = {isa = PBXFileReference; lastKnownFileType = text.plist.xml; path = Info.plist; sourceTree = "<group>"; };
		CE2027C8247BAA9B00233FC9 /* GoogleMapsModel.swift */ = {isa = PBXFileReference; lastKnownFileType = sourcecode.swift; path = GoogleMapsModel.swift; sourceTree = "<group>"; };
		CE2027CA247BBC2600233FC9 /* GoogleMapsJSONResponsesExample.swift */ = {isa = PBXFileReference; lastKnownFileType = sourcecode.swift; path = GoogleMapsJSONResponsesExample.swift; sourceTree = "<group>"; };
		CE21147A2477669C00BF957E /* SearchModel.swift */ = {isa = PBXFileReference; fileEncoding = 4; lastKnownFileType = sourcecode.swift; path = SearchModel.swift; sourceTree = "<group>"; };
		CE21147E2477DE7400BF957E /* SearchTableViewCellTableViewCell.swift */ = {isa = PBXFileReference; lastKnownFileType = sourcecode.swift; path = SearchTableViewCellTableViewCell.swift; sourceTree = "<group>"; };
		CE21147F2477DE7400BF957E /* SearchTableViewCellTableViewCell.xib */ = {isa = PBXFileReference; lastKnownFileType = file.xib; path = SearchTableViewCellTableViewCell.xib; sourceTree = "<group>"; };
		CE339F482488F0BB0023E11D /* main-qimg-eec6f82500b4efccb808158180f9fcf3.png */ = {isa = PBXFileReference; lastKnownFileType = image.png; name = "main-qimg-eec6f82500b4efccb808158180f9fcf3.png"; path = "../../../../../Downloads/main-qimg-eec6f82500b4efccb808158180f9fcf3.png"; sourceTree = "<group>"; };
		CE5FF4E1246E508E006F8E6A /* GoogleMapViewController.xib */ = {isa = PBXFileReference; lastKnownFileType = file.xib; path = GoogleMapViewController.xib; sourceTree = "<group>"; };
		CE784D88248E496A00CD3F61 /* MapboxMobileEvents.framework */ = {isa = PBXFileReference; explicitFileType = wrapper.framework; path = MapboxMobileEvents.framework; sourceTree = BUILT_PRODUCTS_DIR; };
		CEA7F64E24763A1A00C673FA /* MainQueryService.swift */ = {isa = PBXFileReference; lastKnownFileType = sourcecode.swift; path = MainQueryService.swift; sourceTree = "<group>"; };
		CEA7F6502476608D00C673FA /* MainModel.swift */ = {isa = PBXFileReference; lastKnownFileType = sourcecode.swift; path = MainModel.swift; sourceTree = "<group>"; };
		CEA7F65224766EDF00C673FA /* SearchTableViewController.swift */ = {isa = PBXFileReference; lastKnownFileType = sourcecode.swift; path = SearchTableViewController.swift; sourceTree = "<group>"; };
		CEA7F6562476783D00C673FA /* NewMapBoxViewController.swift */ = {isa = PBXFileReference; lastKnownFileType = sourcecode.swift; path = NewMapBoxViewController.swift; sourceTree = "<group>"; };
		CEA7F6572476783D00C673FA /* NewMapBoxViewController.xib */ = {isa = PBXFileReference; lastKnownFileType = file.xib; path = NewMapBoxViewController.xib; sourceTree = "<group>"; };
		CEA7F65A2476872B00C673FA /* MapBoxModel.swift */ = {isa = PBXFileReference; lastKnownFileType = sourcecode.swift; path = MapBoxModel.swift; sourceTree = "<group>"; };
		CEDD63562489DCD600206034 /* mapApp.entitlements */ = {isa = PBXFileReference; lastKnownFileType = text.plist.entitlements; path = mapApp.entitlements; sourceTree = "<group>"; };
		CEDD63572489E6C700206034 /* StoreKit.framework */ = {isa = PBXFileReference; lastKnownFileType = wrapper.framework; name = StoreKit.framework; path = System/Library/Frameworks/StoreKit.framework; sourceTree = SDKROOT; };
/* End PBXFileReference section */

/* Begin PBXFrameworksBuildPhase section */
		76F5014A244944E500CC79E7 /* Frameworks */ = {
			isa = PBXFrameworksBuildPhase;
			buildActionMask = 2147483647;
			files = (
				CE784D89248E496A00CD3F61 /* MapboxMobileEvents.framework in Frameworks */,
				BE401B4071EF6127E2786CB0 /* Pods_mapApp.framework in Frameworks */,
				CEDD63582489E6C700206034 /* StoreKit.framework in Frameworks */,
			);
			runOnlyForDeploymentPostprocessing = 0;
		};
		CE16DD182480B2B20040C192 /* Frameworks */ = {
			isa = PBXFrameworksBuildPhase;
			buildActionMask = 2147483647;
			files = (
			);
			runOnlyForDeploymentPostprocessing = 0;
		};
/* End PBXFrameworksBuildPhase section */

/* Begin PBXGroup section */
		658A1FA1B2CA9E6A311005F4 /* Frameworks */ = {
			isa = PBXGroup;
			children = (
				CE784D88248E496A00CD3F61 /* MapboxMobileEvents.framework */,
				CEDD63572489E6C700206034 /* StoreKit.framework */,
				23A3DAD9E35034D1FDE974D1 /* Pods_mapApp.framework */,
			);
			name = Frameworks;
			sourceTree = "<group>";
		};
		76AB154F2456B3B700F3B86C /* Networking Layer - Not Use Now */ = {
			isa = PBXGroup;
			children = (
				76AB15512456B3FC00F3B86C /* EndPoint */,
				76AB15502456B3F800F3B86C /* Manager */,
				76AB15522456B40100F3B86C /* Service */,
				76AB15532456B44600F3B86C /* Encoding */,
			);
			name = "Networking Layer - Not Use Now";
			path = "Networking Layer - Not Use Nơ";
			sourceTree = "<group>";
		};
		76AB15502456B3F800F3B86C /* Manager */ = {
			isa = PBXGroup;
			children = (
			);
			path = Manager;
			sourceTree = "<group>";
		};
		76AB15512456B3FC00F3B86C /* EndPoint */ = {
			isa = PBXGroup;
			children = (
			);
			path = EndPoint;
			sourceTree = "<group>";
		};
		76AB15522456B40100F3B86C /* Service */ = {
			isa = PBXGroup;
			children = (
				76AB15542456B78A00F3B86C /* EndPointType.swift */,
				76AB15562456B93000F3B86C /* HTTPMethod.swift */,
				76AB15582456BA4D00F3B86C /* HTTPTask.swift */,
			);
			path = Service;
			sourceTree = "<group>";
		};
		76AB15532456B44600F3B86C /* Encoding */ = {
			isa = PBXGroup;
			children = (
				76AB155A2456BD8F00F3B86C /* ParameterEncoding.swift */,
				76AB155C2456C2BA00F3B86C /* URLParameterEncoder.swift */,
				76AB15722456CF5500F3B86C /* JSONParameterEncoder.swift */,
			);
			path = Encoding;
			sourceTree = "<group>";
		};
		76AB155E2456C2E200F3B86C /* Support */ = {
			isa = PBXGroup;
			children = (
				76F50152244944E500CC79E7 /* SceneDelegate.swift */,
				76F50150244944E500CC79E7 /* AppDelegate.swift */,
				76F50159244944E600CC79E7 /* Assets.xcassets */,
				CE339F482488F0BB0023E11D /* main-qimg-eec6f82500b4efccb808158180f9fcf3.png */,
				CE0172C024729113000E1306 /* old-map-background.jpg */,
				CE0172A7247270F7000E1306 /* BackButton.png */,
				76F5015E244944E600CC79E7 /* Info.plist */,
			);
			path = Support;
			sourceTree = "<group>";
		};
		76F50144244944E400CC79E7 = {
			isa = PBXGroup;
			children = (
				76F501642449451300CC79E7 /* Podfile */,
				76F5016624494B9600CC79E7 /* Cartfile */,
				76F5014F244944E500CC79E7 /* mapApp */,
				CE16DD1C2480B2B20040C192 /* mapAppTests */,
				76F5014E244944E500CC79E7 /* Products */,
				A50892B9AAF15422FD9A669B /* Pods */,
				658A1FA1B2CA9E6A311005F4 /* Frameworks */,
			);
			sourceTree = "<group>";
		};
		76F5014E244944E500CC79E7 /* Products */ = {
			isa = PBXGroup;
			children = (
				76F5014D244944E500CC79E7 /* mapApp.app */,
				CE16DD1B2480B2B20040C192 /* mapAppTests.xctest */,
			);
			name = Products;
			sourceTree = "<group>";
		};
		76F5014F244944E500CC79E7 /* mapApp */ = {
			isa = PBXGroup;
			children = (
				CEDD63562489DCD600206034 /* mapApp.entitlements */,
				76AB155E2456C2E200F3B86C /* Support */,
				CE007515246E49AB001465AE /* Old Model - Not Use */,
				CE007514246E4995001465AE /* VC */,
				76AB154F2456B3B700F3B86C /* Networking Layer - Not Use Now */,
				76F50156244944E500CC79E7 /* Main.storyboard */,
				76F5015B244944E600CC79E7 /* LaunchScreen.storyboard */,
			);
			path = mapApp;
			sourceTree = "<group>";
		};
		A50892B9AAF15422FD9A669B /* Pods */ = {
			isa = PBXGroup;
			children = (
				8A2AE2D78A00E0245EBFF769 /* Pods-mapApp.debug.xcconfig */,
				17CAA556097A5042B63A6CF0 /* Pods-mapApp.release.xcconfig */,
			);
			path = Pods;
			sourceTree = "<group>";
		};
		CE007514246E4995001465AE /* VC */ = {
			isa = PBXGroup;
			children = (
				CE0172B124728B4A000E1306 /* HomeNavigationViewController.swift */,
				CE0172A424726A95000E1306 /* MVVM  */,
				CE01729C247246E8000E1306 /* Table View */,
				CE01729D247246F8000E1306 /* Old VC - Not Use */,
				CE01729B247246B0000E1306 /* MVP MainViewController - Not Use */,
			);
			path = VC;
			sourceTree = "<group>";
		};
		CE007515246E49AB001465AE /* Old Model - Not Use */ = {
			isa = PBXGroup;
			children = (
				CE21147A2477669C00BF957E /* SearchModel.swift */,
				76F501682449532900CC79E7 /* MapModule.swift */,
			);
			path = "Old Model - Not Use";
			sourceTree = "<group>";
		};
		CE01729B247246B0000E1306 /* MVP MainViewController - Not Use */ = {
			isa = PBXGroup;
			children = (
				CE01728724722360000E1306 /* MainViewControllerPresenter.swift */,
				CE01728824722360000E1306 /* MainViewControllerViewController.swift */,
				CE01728924722360000E1306 /* MainViewControllerViewController.xib */,
				CE01729E24724845000E1306 /* MainViewController.swift */,
				CE0172A224724857000E1306 /* MainPresenter.swift */,
				CE01729F24724845000E1306 /* MainViewController.xib */,
			);
			path = "MVP MainViewController - Not Use";
			sourceTree = "<group>";
		};
		CE01729C247246E8000E1306 /* Table View */ = {
			isa = PBXGroup;
			children = (
				CE017291247224EF000E1306 /* TableViewController.swift */,
				CE01729524723993000E1306 /* CellTableViewCell.swift */,
				CE01729624723993000E1306 /* CellTableViewCell.xib */,
			);
			path = "Table View";
			sourceTree = "<group>";
		};
		CE01729D247246F8000E1306 /* Old VC - Not Use */ = {
			isa = PBXGroup;
			children = (
				76D22E66244E8D6900C354BE /* LocationSearchTableViewController.swift */,
				CE0172C224729A29000E1306 /* OldCell.swift */,
			);
			path = "Old VC - Not Use";
			sourceTree = "<group>";
		};
		CE0172A424726A95000E1306 /* MVVM  */ = {
			isa = PBXGroup;
			children = (
				CE0172B924728E8B000E1306 /* AppleMapsMVVM */,
				CE0172B624728E50000E1306 /* GoogleMapsMVVM */,
				CE0172B524728E3F000E1306 /* MapBox MVVM */,
				CEA7F64E24763A1A00C673FA /* MainQueryService.swift */,
				CE16DD152480A8AE0040C192 /* MapsViewModel.swift */,
				CEA7F6502476608D00C673FA /* MainModel.swift */,
				CEA7E9612480F8A8001EB54B /* SearchTableViewController */,
			);
			path = "MVVM ";
			sourceTree = "<group>";
		};
		CE0172B524728E3F000E1306 /* MapBox MVVM */ = {
			isa = PBXGroup;
			children = (
				CE0172AB24728942000E1306 /* OldMapBoxViewController.swift */,
				CEA7F6562476783D00C673FA /* NewMapBoxViewController.swift */,
				CE0172A524726AAC000E1306 /* MapBoxQueryService.swift */,
				CEA7F65A2476872B00C673FA /* MapBoxModel.swift */,
				CE0172AC24728942000E1306 /* MapBoxViewController.xib */,
				CEA7F6572476783D00C673FA /* NewMapBoxViewController.xib */,
			);
			path = "MapBox MVVM";
			sourceTree = "<group>";
		};
		CE0172B624728E50000E1306 /* GoogleMapsMVVM */ = {
			isa = PBXGroup;
			children = (
				CE0172B324728DAA000E1306 /* GoogleMapViewController.swift */,
				CE0172B724728E67000E1306 /* GoogleMapsQueryService.swift */,
				CE2027C8247BAA9B00233FC9 /* GoogleMapsModel.swift */,
				CE5FF4E1246E508E006F8E6A /* GoogleMapViewController.xib */,
				CE2027CA247BBC2600233FC9 /* GoogleMapsJSONResponsesExample.swift */,
			);
			path = GoogleMapsMVVM;
			sourceTree = "<group>";
		};
		CE0172B924728E8B000E1306 /* AppleMapsMVVM */ = {
			isa = PBXGroup;
			children = (
				CE0172BA24728EB1000E1306 /* AppleMapsViewController.swift */,
				CE0172BE24728EC7000E1306 /* AppleMapsQueryService.swift */,
				CE0172BB24728EB1000E1306 /* AppleMapsViewController.xib */,
				CE0B0B9824862882001FEF8E /* AppleMapsModel.swift */,
			);
			path = AppleMapsMVVM;
			sourceTree = "<group>";
		};
		CE16DD1C2480B2B20040C192 /* mapAppTests */ = {
			isa = PBXGroup;
			children = (
				CE16DD1D2480B2B20040C192 /* mapAppTests.swift */,
				CE16DD1F2480B2B20040C192 /* Info.plist */,
			);
			path = mapAppTests;
			sourceTree = "<group>";
		};
		CEA7E9612480F8A8001EB54B /* SearchTableViewController */ = {
			isa = PBXGroup;
			children = (
				CEA7F65224766EDF00C673FA /* SearchTableViewController.swift */,
				CE21147E2477DE7400BF957E /* SearchTableViewCellTableViewCell.swift */,
				CE21147F2477DE7400BF957E /* SearchTableViewCellTableViewCell.xib */,
			);
			path = SearchTableViewController;
			sourceTree = "<group>";
		};
/* End PBXGroup section */

/* Begin PBXNativeTarget section */
		76F5014C244944E500CC79E7 /* mapApp */ = {
			isa = PBXNativeTarget;
			buildConfigurationList = 76F50161244944E600CC79E7 /* Build configuration list for PBXNativeTarget "mapApp" */;
			buildPhases = (
				1218F0BFFE171CF9755A3608 /* [CP] Check Pods Manifest.lock */,
				76F50149244944E500CC79E7 /* Sources */,
				76F5014A244944E500CC79E7 /* Frameworks */,
				76F5014B244944E500CC79E7 /* Resources */,
				F5505035FCF37169B7F20247 /* [CP] Embed Pods Frameworks */,
				E604D31829F034824537F019 /* [CP] Copy Pods Resources */,
			);
			buildRules = (
			);
			dependencies = (
			);
			name = mapApp;
			productName = mapApp;
			productReference = 76F5014D244944E500CC79E7 /* mapApp.app */;
			productType = "com.apple.product-type.application";
		};
		CE16DD1A2480B2B20040C192 /* mapAppTests */ = {
			isa = PBXNativeTarget;
			buildConfigurationList = CE16DD222480B2B20040C192 /* Build configuration list for PBXNativeTarget "mapAppTests" */;
			buildPhases = (
				CE16DD172480B2B20040C192 /* Sources */,
				CE16DD182480B2B20040C192 /* Frameworks */,
				CE16DD192480B2B20040C192 /* Resources */,
			);
			buildRules = (
			);
			dependencies = (
				CE16DD212480B2B20040C192 /* PBXTargetDependency */,
			);
			name = mapAppTests;
			productName = mapAppTests;
			productReference = CE16DD1B2480B2B20040C192 /* mapAppTests.xctest */;
			productType = "com.apple.product-type.bundle.unit-test";
		};
/* End PBXNativeTarget section */

/* Begin PBXProject section */
		76F50145244944E400CC79E7 /* Project object */ = {
			isa = PBXProject;
			attributes = {
				LastSwiftUpdateCheck = 1140;
				LastUpgradeCheck = 1120;
				ORGANIZATIONNAME = Vinova.Train.mapApp;
				TargetAttributes = {
					76F5014C244944E500CC79E7 = {
						CreatedOnToolsVersion = 11.2.1;
					};
					CE16DD1A2480B2B20040C192 = {
						CreatedOnToolsVersion = 11.4.1;
						TestTargetID = 76F5014C244944E500CC79E7;
					};
				};
			};
			buildConfigurationList = 76F50148244944E400CC79E7 /* Build configuration list for PBXProject "mapApp" */;
			compatibilityVersion = "Xcode 9.3";
			developmentRegion = en;
			hasScannedForEncodings = 0;
			knownRegions = (
				en,
				Base,
			);
			mainGroup = 76F50144244944E400CC79E7;
			productRefGroup = 76F5014E244944E500CC79E7 /* Products */;
			projectDirPath = "";
			projectRoot = "";
			targets = (
				76F5014C244944E500CC79E7 /* mapApp */,
				CE16DD1A2480B2B20040C192 /* mapAppTests */,
			);
		};
/* End PBXProject section */

/* Begin PBXResourcesBuildPhase section */
		76F5014B244944E500CC79E7 /* Resources */ = {
			isa = PBXResourcesBuildPhase;
			buildActionMask = 2147483647;
			files = (
				76F5016724494B9600CC79E7 /* Cartfile in Resources */,
				76F5015D244944E600CC79E7 /* LaunchScreen.storyboard in Resources */,
				CE0172BD24728EB1000E1306 /* AppleMapsViewController.xib in Resources */,
				CE0172A8247270F7000E1306 /* BackButton.png in Resources */,
				CE5FF4E3246E508E006F8E6A /* GoogleMapViewController.xib in Resources */,
				76F5015A244944E600CC79E7 /* Assets.xcassets in Resources */,
				76F501652449451300CC79E7 /* Podfile in Resources */,
				CE339F492488F0BB0023E11D /* main-qimg-eec6f82500b4efccb808158180f9fcf3.png in Resources */,
				CE01728C24722360000E1306 /* MainViewControllerViewController.xib in Resources */,
				CE0172A124724845000E1306 /* MainViewController.xib in Resources */,
				CE0172AE24728942000E1306 /* MapBoxViewController.xib in Resources */,
				CEA7F6592476783D00C673FA /* NewMapBoxViewController.xib in Resources */,
				CE2114812477DE7400BF957E /* SearchTableViewCellTableViewCell.xib in Resources */,
				CE01729824723993000E1306 /* CellTableViewCell.xib in Resources */,
				76F50158244944E500CC79E7 /* Main.storyboard in Resources */,
				CE0172C124729114000E1306 /* old-map-background.jpg in Resources */,
			);
			runOnlyForDeploymentPostprocessing = 0;
		};
		CE16DD192480B2B20040C192 /* Resources */ = {
			isa = PBXResourcesBuildPhase;
			buildActionMask = 2147483647;
			files = (
			);
			runOnlyForDeploymentPostprocessing = 0;
		};
/* End PBXResourcesBuildPhase section */

/* Begin PBXShellScriptBuildPhase section */
		1218F0BFFE171CF9755A3608 /* [CP] Check Pods Manifest.lock */ = {
			isa = PBXShellScriptBuildPhase;
			buildActionMask = 2147483647;
			files = (
			);
			inputFileListPaths = (
			);
			inputPaths = (
				"${PODS_PODFILE_DIR_PATH}/Podfile.lock",
				"${PODS_ROOT}/Manifest.lock",
			);
			name = "[CP] Check Pods Manifest.lock";
			outputFileListPaths = (
			);
			outputPaths = (
				"$(DERIVED_FILE_DIR)/Pods-mapApp-checkManifestLockResult.txt",
			);
			runOnlyForDeploymentPostprocessing = 0;
			shellPath = /bin/sh;
			shellScript = "diff \"${PODS_PODFILE_DIR_PATH}/Podfile.lock\" \"${PODS_ROOT}/Manifest.lock\" > /dev/null\nif [ $? != 0 ] ; then\n    # print error to STDERR\n    echo \"error: The sandbox is not in sync with the Podfile.lock. Run 'pod install' or update your CocoaPods installation.\" >&2\n    exit 1\nfi\n# This output is used by Xcode 'outputs' to avoid re-running this script phase.\necho \"SUCCESS\" > \"${SCRIPT_OUTPUT_FILE_0}\"\n";
			showEnvVarsInLog = 0;
		};
		E604D31829F034824537F019 /* [CP] Copy Pods Resources */ = {
			isa = PBXShellScriptBuildPhase;
			buildActionMask = 2147483647;
			files = (
			);
			inputFileListPaths = (
				"${PODS_ROOT}/Target Support Files/Pods-mapApp/Pods-mapApp-resources-${CONFIGURATION}-input-files.xcfilelist",
			);
			name = "[CP] Copy Pods Resources";
			outputFileListPaths = (
				"${PODS_ROOT}/Target Support Files/Pods-mapApp/Pods-mapApp-resources-${CONFIGURATION}-output-files.xcfilelist",
			);
			runOnlyForDeploymentPostprocessing = 0;
			shellPath = /bin/sh;
			shellScript = "\"${PODS_ROOT}/Target Support Files/Pods-mapApp/Pods-mapApp-resources.sh\"\n";
			showEnvVarsInLog = 0;
		};
		F5505035FCF37169B7F20247 /* [CP] Embed Pods Frameworks */ = {
			isa = PBXShellScriptBuildPhase;
			buildActionMask = 2147483647;
			files = (
			);
			inputFileListPaths = (
				"${PODS_ROOT}/Target Support Files/Pods-mapApp/Pods-mapApp-frameworks-${CONFIGURATION}-input-files.xcfilelist",
			);
			name = "[CP] Embed Pods Frameworks";
			outputFileListPaths = (
				"${PODS_ROOT}/Target Support Files/Pods-mapApp/Pods-mapApp-frameworks-${CONFIGURATION}-output-files.xcfilelist",
			);
			runOnlyForDeploymentPostprocessing = 0;
			shellPath = /bin/sh;
			shellScript = "\"${PODS_ROOT}/Target Support Files/Pods-mapApp/Pods-mapApp-frameworks.sh\"\n";
			showEnvVarsInLog = 0;
		};
/* End PBXShellScriptBuildPhase section */

/* Begin PBXSourcesBuildPhase section */
		76F50149244944E500CC79E7 /* Sources */ = {
			isa = PBXSourcesBuildPhase;
			buildActionMask = 2147483647;
			files = (
				76F50151244944E500CC79E7 /* AppDelegate.swift in Sources */,
				CE0172BC24728EB1000E1306 /* AppleMapsViewController.swift in Sources */,
				CE017293247224EF000E1306 /* TableViewController.swift in Sources */,
				CE21147B2477669C00BF957E /* SearchModel.swift in Sources */,
				CE2027C9247BAA9B00233FC9 /* GoogleMapsModel.swift in Sources */,
				CEA7F65324766EDF00C673FA /* SearchTableViewController.swift in Sources */,
				76F501692449532900CC79E7 /* MapModule.swift in Sources */,
				CEA7F64F24763A1A00C673FA /* MainQueryService.swift in Sources */,
				76AB15732456CF5500F3B86C /* JSONParameterEncoder.swift in Sources */,
				CE0172C324729A29000E1306 /* OldCell.swift in Sources */,
				76D22E67244E8D6900C354BE /* LocationSearchTableViewController.swift in Sources */,
				76AB155B2456BD8F00F3B86C /* ParameterEncoding.swift in Sources */,
				CE0172B424728DAA000E1306 /* GoogleMapViewController.swift in Sources */,
				CE0172A324724857000E1306 /* MainPresenter.swift in Sources */,
				CE01728B24722360000E1306 /* MainViewControllerViewController.swift in Sources */,
				76AB15572456B93000F3B86C /* HTTPMethod.swift in Sources */,
				CE2114802477DE7400BF957E /* SearchTableViewCellTableViewCell.swift in Sources */,
				CE0B0B9924862882001FEF8E /* AppleMapsModel.swift in Sources */,
				CEA7F6582476783D00C673FA /* NewMapBoxViewController.swift in Sources */,
				CE01729724723993000E1306 /* CellTableViewCell.swift in Sources */,
				CE0172B824728E67000E1306 /* GoogleMapsQueryService.swift in Sources */,
				CE01728A24722360000E1306 /* MainViewControllerPresenter.swift in Sources */,
				CE0172B224728B4A000E1306 /* HomeNavigationViewController.swift in Sources */,
				CE0172BF24728EC7000E1306 /* AppleMapsQueryService.swift in Sources */,
				CEA7F65B2476872B00C673FA /* MapBoxModel.swift in Sources */,
				76AB15592456BA4D00F3B86C /* HTTPTask.swift in Sources */,
				CE16DD162480A8AE0040C192 /* MapsViewModel.swift in Sources */,
				CE2027CB247BBC2600233FC9 /* GoogleMapsJSONResponsesExample.swift in Sources */,
				CE0172A624726AAD000E1306 /* MapBoxQueryService.swift in Sources */,
				CE0172AD24728942000E1306 /* OldMapBoxViewController.swift in Sources */,
				76AB155D2456C2BA00F3B86C /* URLParameterEncoder.swift in Sources */,
				CEA7F6512476608E00C673FA /* MainModel.swift in Sources */,
				CE0172A024724845000E1306 /* MainViewController.swift in Sources */,
				76AB15552456B78A00F3B86C /* EndPointType.swift in Sources */,
				76F50153244944E500CC79E7 /* SceneDelegate.swift in Sources */,
			);
			runOnlyForDeploymentPostprocessing = 0;
		};
		CE16DD172480B2B20040C192 /* Sources */ = {
			isa = PBXSourcesBuildPhase;
			buildActionMask = 2147483647;
			files = (
				CE16DD1E2480B2B20040C192 /* mapAppTests.swift in Sources */,
			);
			runOnlyForDeploymentPostprocessing = 0;
		};
/* End PBXSourcesBuildPhase section */

/* Begin PBXTargetDependency section */
		CE16DD212480B2B20040C192 /* PBXTargetDependency */ = {
			isa = PBXTargetDependency;
			target = 76F5014C244944E500CC79E7 /* mapApp */;
			targetProxy = CE16DD202480B2B20040C192 /* PBXContainerItemProxy */;
		};
/* End PBXTargetDependency section */

/* Begin PBXVariantGroup section */
		76F50156244944E500CC79E7 /* Main.storyboard */ = {
			isa = PBXVariantGroup;
			children = (
				76F50157244944E500CC79E7 /* Base */,
			);
			name = Main.storyboard;
			sourceTree = "<group>";
		};
		76F5015B244944E600CC79E7 /* LaunchScreen.storyboard */ = {
			isa = PBXVariantGroup;
			children = (
				76F5015C244944E600CC79E7 /* Base */,
			);
			name = LaunchScreen.storyboard;
			sourceTree = "<group>";
		};
/* End PBXVariantGroup section */

/* Begin XCBuildConfiguration section */
		76F5015F244944E600CC79E7 /* Debug */ = {
			isa = XCBuildConfiguration;
			buildSettings = {
				ALWAYS_SEARCH_USER_PATHS = NO;
				CLANG_ANALYZER_NONNULL = YES;
				CLANG_ANALYZER_NUMBER_OBJECT_CONVERSION = YES_AGGRESSIVE;
				CLANG_CXX_LANGUAGE_STANDARD = "gnu++14";
				CLANG_CXX_LIBRARY = "libc++";
				CLANG_ENABLE_MODULES = YES;
				CLANG_ENABLE_OBJC_ARC = YES;
				CLANG_ENABLE_OBJC_WEAK = YES;
				CLANG_WARN_BLOCK_CAPTURE_AUTORELEASING = YES;
				CLANG_WARN_BOOL_CONVERSION = YES;
				CLANG_WARN_COMMA = YES;
				CLANG_WARN_CONSTANT_CONVERSION = YES;
				CLANG_WARN_DEPRECATED_OBJC_IMPLEMENTATIONS = YES;
				CLANG_WARN_DIRECT_OBJC_ISA_USAGE = YES_ERROR;
				CLANG_WARN_DOCUMENTATION_COMMENTS = YES;
				CLANG_WARN_EMPTY_BODY = YES;
				CLANG_WARN_ENUM_CONVERSION = YES;
				CLANG_WARN_INFINITE_RECURSION = YES;
				CLANG_WARN_INT_CONVERSION = YES;
				CLANG_WARN_NON_LITERAL_NULL_CONVERSION = YES;
				CLANG_WARN_OBJC_IMPLICIT_RETAIN_SELF = YES;
				CLANG_WARN_OBJC_LITERAL_CONVERSION = YES;
				CLANG_WARN_OBJC_ROOT_CLASS = YES_ERROR;
				CLANG_WARN_RANGE_LOOP_ANALYSIS = YES;
				CLANG_WARN_STRICT_PROTOTYPES = YES;
				CLANG_WARN_SUSPICIOUS_MOVE = YES;
				CLANG_WARN_UNGUARDED_AVAILABILITY = YES_AGGRESSIVE;
				CLANG_WARN_UNREACHABLE_CODE = YES;
				CLANG_WARN__DUPLICATE_METHOD_MATCH = YES;
				COPY_PHASE_STRIP = NO;
				DEBUG_INFORMATION_FORMAT = dwarf;
				ENABLE_STRICT_OBJC_MSGSEND = YES;
				ENABLE_TESTABILITY = YES;
				GCC_C_LANGUAGE_STANDARD = gnu11;
				GCC_DYNAMIC_NO_PIC = NO;
				GCC_NO_COMMON_BLOCKS = YES;
				GCC_OPTIMIZATION_LEVEL = 0;
				GCC_PREPROCESSOR_DEFINITIONS = (
					"DEBUG=1",
					"$(inherited)",
				);
				GCC_WARN_64_TO_32_BIT_CONVERSION = YES;
				GCC_WARN_ABOUT_RETURN_TYPE = YES_ERROR;
				GCC_WARN_UNDECLARED_SELECTOR = YES;
				GCC_WARN_UNINITIALIZED_AUTOS = YES_AGGRESSIVE;
				GCC_WARN_UNUSED_FUNCTION = YES;
				GCC_WARN_UNUSED_VARIABLE = YES;
				IPHONEOS_DEPLOYMENT_TARGET = 13.2;
				MTL_ENABLE_DEBUG_INFO = INCLUDE_SOURCE;
				MTL_FAST_MATH = YES;
				ONLY_ACTIVE_ARCH = YES;
				SDKROOT = iphoneos;
				SWIFT_ACTIVE_COMPILATION_CONDITIONS = DEBUG;
				SWIFT_OPTIMIZATION_LEVEL = "-Onone";
			};
			name = Debug;
		};
		76F50160244944E600CC79E7 /* Release */ = {
			isa = XCBuildConfiguration;
			buildSettings = {
				ALWAYS_SEARCH_USER_PATHS = NO;
				CLANG_ANALYZER_NONNULL = YES;
				CLANG_ANALYZER_NUMBER_OBJECT_CONVERSION = YES_AGGRESSIVE;
				CLANG_CXX_LANGUAGE_STANDARD = "gnu++14";
				CLANG_CXX_LIBRARY = "libc++";
				CLANG_ENABLE_MODULES = YES;
				CLANG_ENABLE_OBJC_ARC = YES;
				CLANG_ENABLE_OBJC_WEAK = YES;
				CLANG_WARN_BLOCK_CAPTURE_AUTORELEASING = YES;
				CLANG_WARN_BOOL_CONVERSION = YES;
				CLANG_WARN_COMMA = YES;
				CLANG_WARN_CONSTANT_CONVERSION = YES;
				CLANG_WARN_DEPRECATED_OBJC_IMPLEMENTATIONS = YES;
				CLANG_WARN_DIRECT_OBJC_ISA_USAGE = YES_ERROR;
				CLANG_WARN_DOCUMENTATION_COMMENTS = YES;
				CLANG_WARN_EMPTY_BODY = YES;
				CLANG_WARN_ENUM_CONVERSION = YES;
				CLANG_WARN_INFINITE_RECURSION = YES;
				CLANG_WARN_INT_CONVERSION = YES;
				CLANG_WARN_NON_LITERAL_NULL_CONVERSION = YES;
				CLANG_WARN_OBJC_IMPLICIT_RETAIN_SELF = YES;
				CLANG_WARN_OBJC_LITERAL_CONVERSION = YES;
				CLANG_WARN_OBJC_ROOT_CLASS = YES_ERROR;
				CLANG_WARN_RANGE_LOOP_ANALYSIS = YES;
				CLANG_WARN_STRICT_PROTOTYPES = YES;
				CLANG_WARN_SUSPICIOUS_MOVE = YES;
				CLANG_WARN_UNGUARDED_AVAILABILITY = YES_AGGRESSIVE;
				CLANG_WARN_UNREACHABLE_CODE = YES;
				CLANG_WARN__DUPLICATE_METHOD_MATCH = YES;
				COPY_PHASE_STRIP = NO;
				DEBUG_INFORMATION_FORMAT = "dwarf-with-dsym";
				ENABLE_NS_ASSERTIONS = NO;
				ENABLE_STRICT_OBJC_MSGSEND = YES;
				GCC_C_LANGUAGE_STANDARD = gnu11;
				GCC_NO_COMMON_BLOCKS = YES;
				GCC_WARN_64_TO_32_BIT_CONVERSION = YES;
				GCC_WARN_ABOUT_RETURN_TYPE = YES_ERROR;
				GCC_WARN_UNDECLARED_SELECTOR = YES;
				GCC_WARN_UNINITIALIZED_AUTOS = YES_AGGRESSIVE;
				GCC_WARN_UNUSED_FUNCTION = YES;
				GCC_WARN_UNUSED_VARIABLE = YES;
				IPHONEOS_DEPLOYMENT_TARGET = 13.2;
				MTL_ENABLE_DEBUG_INFO = NO;
				MTL_FAST_MATH = YES;
				SDKROOT = iphoneos;
				SWIFT_COMPILATION_MODE = wholemodule;
				SWIFT_OPTIMIZATION_LEVEL = "-O";
				VALIDATE_PRODUCT = YES;
			};
			name = Release;
		};
		76F50162244944E600CC79E7 /* Debug */ = {
			isa = XCBuildConfiguration;
			baseConfigurationReference = 8A2AE2D78A00E0245EBFF769 /* Pods-mapApp.debug.xcconfig */;
			buildSettings = {
				ASSETCATALOG_COMPILER_APPICON_NAME = AppIcon;
				CODE_SIGN_ENTITLEMENTS = mapApp/mapApp.entitlements;
				CODE_SIGN_IDENTITY = "iPhone Developer";
				CODE_SIGN_STYLE = Manual;
				DEVELOPMENT_TEAM = XX83HG39E3;
				INFOPLIST_FILE = mapApp/Support/Info.plist;
				LD_RUNPATH_SEARCH_PATHS = (
					"$(inherited)",
					"@executable_path/Frameworks",
				);
				PRODUCT_BUNDLE_IDENTIFIER = vinova.train.duncan.mapapp;
				PRODUCT_NAME = "$(TARGET_NAME)";
				PROVISIONING_PROFILE_SPECIFIER = "duncan mapappp";
				SWIFT_VERSION = 5.0;
				TARGETED_DEVICE_FAMILY = "1,2";
			};
			name = Debug;
		};
		76F50163244944E600CC79E7 /* Release */ = {
			isa = XCBuildConfiguration;
			baseConfigurationReference = 17CAA556097A5042B63A6CF0 /* Pods-mapApp.release.xcconfig */;
			buildSettings = {
				ASSETCATALOG_COMPILER_APPICON_NAME = AppIcon;
				CODE_SIGN_ENTITLEMENTS = mapApp/mapApp.entitlements;
				CODE_SIGN_IDENTITY = "iPhone Developer";
				CODE_SIGN_STYLE = Manual;
				DEVELOPMENT_TEAM = XX83HG39E3;
				INFOPLIST_FILE = mapApp/Support/Info.plist;
				LD_RUNPATH_SEARCH_PATHS = (
					"$(inherited)",
					"@executable_path/Frameworks",
				);
				PRODUCT_BUNDLE_IDENTIFIER = vinova.train.duncan.mapapp;
				PRODUCT_NAME = "$(TARGET_NAME)";
				PROVISIONING_PROFILE_SPECIFIER = "duncan mapappp";
				SWIFT_VERSION = 5.0;
				TARGETED_DEVICE_FAMILY = "1,2";
			};
			name = Release;
		};
		CE16DD232480B2B20040C192 /* Debug */ = {
			isa = XCBuildConfiguration;
			buildSettings = {
				BUNDLE_LOADER = "$(TEST_HOST)";
				CODE_SIGN_STYLE = Automatic;
				INFOPLIST_FILE = mapAppTests/Info.plist;
				IPHONEOS_DEPLOYMENT_TARGET = 13.4;
				LD_RUNPATH_SEARCH_PATHS = (
					"$(inherited)",
					"@executable_path/Frameworks",
					"@loader_path/Frameworks",
				);
				PRODUCT_BUNDLE_IDENTIFIER = "-8120184.mapAppTests";
				PRODUCT_NAME = "$(TARGET_NAME)";
				SWIFT_VERSION = 5.0;
				TARGETED_DEVICE_FAMILY = "1,2";
				TEST_HOST = "$(BUILT_PRODUCTS_DIR)/mapApp.app/mapApp";
			};
			name = Debug;
		};
		CE16DD242480B2B20040C192 /* Release */ = {
			isa = XCBuildConfiguration;
			buildSettings = {
				BUNDLE_LOADER = "$(TEST_HOST)";
				CODE_SIGN_STYLE = Automatic;
				INFOPLIST_FILE = mapAppTests/Info.plist;
				IPHONEOS_DEPLOYMENT_TARGET = 13.4;
				LD_RUNPATH_SEARCH_PATHS = (
					"$(inherited)",
					"@executable_path/Frameworks",
					"@loader_path/Frameworks",
				);
				PRODUCT_BUNDLE_IDENTIFIER = "-8120184.mapAppTests";
				PRODUCT_NAME = "$(TARGET_NAME)";
				SWIFT_VERSION = 5.0;
				TARGETED_DEVICE_FAMILY = "1,2";
				TEST_HOST = "$(BUILT_PRODUCTS_DIR)/mapApp.app/mapApp";
			};
			name = Release;
		};
/* End XCBuildConfiguration section */

/* Begin XCConfigurationList section */
		76F50148244944E400CC79E7 /* Build configuration list for PBXProject "mapApp" */ = {
			isa = XCConfigurationList;
			buildConfigurations = (
				76F5015F244944E600CC79E7 /* Debug */,
				76F50160244944E600CC79E7 /* Release */,
			);
			defaultConfigurationIsVisible = 0;
			defaultConfigurationName = Release;
		};
		76F50161244944E600CC79E7 /* Build configuration list for PBXNativeTarget "mapApp" */ = {
			isa = XCConfigurationList;
			buildConfigurations = (
				76F50162244944E600CC79E7 /* Debug */,
				76F50163244944E600CC79E7 /* Release */,
			);
			defaultConfigurationIsVisible = 0;
			defaultConfigurationName = Release;
		};
		CE16DD222480B2B20040C192 /* Build configuration list for PBXNativeTarget "mapAppTests" */ = {
			isa = XCConfigurationList;
			buildConfigurations = (
				CE16DD232480B2B20040C192 /* Debug */,
				CE16DD242480B2B20040C192 /* Release */,
			);
			defaultConfigurationIsVisible = 0;
			defaultConfigurationName = Release;
		};
/* End XCConfigurationList section */
	};
	rootObject = 76F50145244944E400CC79E7 /* Project object */;
}
